
Microsoft Visual Studio Solution File, Format Version 12.00
# Visual Studio Version 16
VisualStudioVersion = 16.0.30621.155
MinimumVisualStudioVersion = 10.0.40219.1
Project("{FAE04EC0-301F-11D3-BF4B-00C04F79EFBC}") = "AnimalsAPI", "AnimalsAPI\AnimalsAPI.csproj", "{6537109F-1924-453C-A3B8-70D4C6854B7B}"
EndProject
Global
	GlobalSection(SolutionConfigurationPlatforms) = preSolution
		Debug|Any CPU = Debug|Any CPU
		Release|Any CPU = Release|Any CPU
	EndGlobalSection
	GlobalSection(ProjectConfigurationPlatforms) = postSolution
		{6537109F-1924-453C-A3B8-70D4C6854B7B}.Debug|Any CPU.ActiveCfg = Debug|Any CPU
		{6537109F-1924-453C-A3B8-70D4C6854B7B}.Debug|Any CPU.Build.0 = Debug|Any CPU
		{6537109F-1924-453C-A3B8-70D4C6854B7B}.Release|Any CPU.ActiveCfg = Release|Any CPU
		{6537109F-1924-453C-A3B8-70D4C6854B7B}.Release|Any CPU.Build.0 = Release|Any CPU
	EndGlobalSection
	GlobalSection(SolutionProperties) = preSolution
		HideSolutionNode = FALSE
	EndGlobalSection
	GlobalSection(ExtensibilityGlobals) = postSolution
		SolutionGuid = {4131D801-8AD6-4EDB-A05B-85A9CDDCC7F5}
	EndGlobalSection
EndGlobal
